{
  "originHash" : "8eb13e25b74583413297903353088348e37678b2792c1366d374d77a6756a05e",
  "pins" : [
    {
      "identity" : "fluidaudio",
      "kind" : "remoteSourceControl",
      "location" : "https://github.com/FluidInference/FluidAudio.git",
      "state" : {
        "revision" : "a6b826ce9a09028fc685a4b32a8927ec920c3188",
        "version" : "0.17.3"
      }
    }
  ],
  "version" : 3
}
